
Microsoft Visual Studio Solution File, Format Version 12.00
# Visual Studio Version 17
VisualStudioVersion = 17.10.35013.160
MinimumVisualStudioVersion = 10.0.40219.1
Project("{FAE04EC0-301F-11D3-BF4B-00C04F79EFBC}") = "1-TypesAndVeriabless", "TypesAndVeriabless\1-TypesAndVeriabless.csproj", "{B71DEEDC-FA67-453B-BE73-CD1DFDF917C8}"
EndProject
Project("{FAE04EC0-301F-11D3-BF4B-00C04F79EFBC}") = "2-Conditionals", "Conditionals\2-Conditionals.csproj", "{6413D738-2196-403F-8142-F8FF6433D33A}"
EndProject
Project("{FAE04EC0-301F-11D3-BF4B-00C04F79EFBC}") = "3-Methods", "Methods\3-Methods.csproj", "{7DBB1A59-7499-48C8-9AD3-FB856C827475}"
EndProject
Project("{FAE04EC0-301F-11D3-BF4B-00C04F79EFBC}") = "4-Arrays", "Arrays\4-Arrays.csproj", "{CEC23A73-E515-4F2E-8B69-22E27C543343}"
EndProject
Project("{FAE04EC0-301F-11D3-BF4B-00C04F79EFBC}") = "5-StringsLess", "StringsLess\5-StringsLess.csproj", "{2278DEAC-1501-473E-9834-0721A83D9C0E}"
EndProject
Project("{FAE04EC0-301F-11D3-BF4B-00C04F79EFBC}") = "6-Classes", "Classes\6-Classes.csproj", "{2C8F4078-1559-4C1E-9929-988029E5DE66}"
EndProject
Project("{FAE04EC0-301F-11D3-BF4B-00C04F79EFBC}") = "7-RecapDemo", "RecapDemo\7-RecapDemo.csproj", "{AA7B62E5-3AAA-4166-9AD0-AE070D01FD24}"
EndProject
Project("{FAE04EC0-301F-11D3-BF4B-00C04F79EFBC}") = "8-Interfaces", "InterFaces\8-Interfaces.csproj", "{320DF0C3-827B-468E-A256-D31FB6EE360B}"
EndProject
Project("{FAE04EC0-301F-11D3-BF4B-00C04F79EFBC}") = "10-InterfacesDemo", "InterfacesDemo\10-InterfacesDemo.csproj", "{AFA281E8-0769-40BA-B5E5-A2FD8311021B}"
EndProject
Project("{FAE04EC0-301F-11D3-BF4B-00C04F79EFBC}") = "9-Inheritances", "Inheritances\9-Inheritances.csproj", "{1ED2A53F-5AF7-4752-B62C-548EBE17E817}"
EndProject
Project("{FAE04EC0-301F-11D3-BF4B-00C04F79EFBC}") = "11-VitrualMethods", "VitrualMethods\11-VitrualMethods.csproj", "{45964A36-F9C9-4564-8579-08EEDEFEC80D}"
EndProject
Project("{FAE04EC0-301F-11D3-BF4B-00C04F79EFBC}") = "11-AbstractClasses", "AbstractClasses\11-AbstractClasses.csproj", "{A1F5369C-8C29-4F89-B1E3-2BA2C25E32B7}"
EndProject
Project("{FAE04EC0-301F-11D3-BF4B-00C04F79EFBC}") = "12-RecapDemo2", "RecapDemo2\12-RecapDemo2.csproj", "{D9C0102F-78AD-437F-BC43-FDEC23A9CEBA}"
EndProject
Project("{FAE04EC0-301F-11D3-BF4B-00C04F79EFBC}") = "13-AccessModifiers", "AccessModifiers\13-AccessModifiers.csproj", "{27E47AC4-9A12-4520-B309-EB5B71927002}"
EndProject
Project("{FAE04EC0-301F-11D3-BF4B-00C04F79EFBC}") = "14-Constructors&Static", "Constructors\14-Constructors&Static.csproj", "{B6ECF236-D1E0-4971-BF5F-FB91AF4D06CE}"
EndProject
Project("{FAE04EC0-301F-11D3-BF4B-00C04F79EFBC}") = "15-ReferanceAndValueType", "15-ReferanceAndValueType\15-ReferanceAndValueType.csproj", "{CE5715F5-A741-4E8B-B4A8-6C99E18ACBA2}"
EndProject
Project("{FAE04EC0-301F-11D3-BF4B-00C04F79EFBC}") = "16-Collections", "Collections\16-Collections.csproj", "{DF32590C-05E3-43C9-A8B5-104EFB88CC0D}"
EndProject
Project("{FAE04EC0-301F-11D3-BF4B-00C04F79EFBC}") = "17-Exceptions", "Exceptions\17-Exceptions.csproj", "{1ACE1678-132D-4585-913C-940C7FD2AF8E}"
EndProject
Project("{FAE04EC0-301F-11D3-BF4B-00C04F79EFBC}") = "18-AdoNetDemo", "AdoNetDemo\18-AdoNetDemo.csproj", "{711142B8-23C2-4322-9EAE-98A19C7B3EBA}"
EndProject
Project("{FAE04EC0-301F-11D3-BF4B-00C04F79EFBC}") = "Deneme", "Deneme\Deneme.csproj", "{AA720A32-ADBB-4C7C-B7EC-BEC28DCA9DBE}"
EndProject
Project("{FAE04EC0-301F-11D3-BF4B-00C04F79EFBC}") = "EntitiyFrameWork", "EntitiyFrameWork\EntitiyFrameWork.csproj", "{59986222-1C1C-4F51-825B-FAFF288799B5}"
EndProject
Project("{FAE04EC0-301F-11D3-BF4B-00C04F79EFBC}") = "Generics", "Generics\Generics.csproj", "{3153FA03-97A7-4F24-A690-7A7D00C61BCA}"
EndProject
Project("{FAE04EC0-301F-11D3-BF4B-00C04F79EFBC}") = "Attributes", "Attributes\Attributes.csproj", "{0E5FDF30-0A31-4458-8B5F-E969C2F4B924}"
EndProject
Project("{FAE04EC0-301F-11D3-BF4B-00C04F79EFBC}") = "Reflection", "Reflection\Reflection.csproj", "{ACC60224-22F9-424E-B4EC-05B9B1E9A405}"
EndProject
Project("{FAE04EC0-301F-11D3-BF4B-00C04F79EFBC}") = "Delegates", "Delegates\Delegates.csproj", "{A372D4AE-4C97-4753-990F-5D4B239A3037}"
EndProject
Project("{FAE04EC0-301F-11D3-BF4B-00C04F79EFBC}") = "Events", "Events\Events.csproj", "{2D5F0645-1946-42D7-B4A7-A5150D26B821}"
EndProject
Global
	GlobalSection(SolutionConfigurationPlatforms) = preSolution
		Debug|Any CPU = Debug|Any CPU
		Release|Any CPU = Release|Any CPU
	EndGlobalSection
	GlobalSection(ProjectConfigurationPlatforms) = postSolution
		{B71DEEDC-FA67-453B-BE73-CD1DFDF917C8}.Debug|Any CPU.ActiveCfg = Debug|Any CPU
		{B71DEEDC-FA67-453B-BE73-CD1DFDF917C8}.Debug|Any CPU.Build.0 = Debug|Any CPU
		{B71DEEDC-FA67-453B-BE73-CD1DFDF917C8}.Release|Any CPU.ActiveCfg = Release|Any CPU
		{B71DEEDC-FA67-453B-BE73-CD1DFDF917C8}.Release|Any CPU.Build.0 = Release|Any CPU
		{6413D738-2196-403F-8142-F8FF6433D33A}.Debug|Any CPU.ActiveCfg = Debug|Any CPU
		{6413D738-2196-403F-8142-F8FF6433D33A}.Debug|Any CPU.Build.0 = Debug|Any CPU
		{6413D738-2196-403F-8142-F8FF6433D33A}.Release|Any CPU.ActiveCfg = Release|Any CPU
		{6413D738-2196-403F-8142-F8FF6433D33A}.Release|Any CPU.Build.0 = Release|Any CPU
		{7DBB1A59-7499-48C8-9AD3-FB856C827475}.Debug|Any CPU.ActiveCfg = Debug|Any CPU
		{7DBB1A59-7499-48C8-9AD3-FB856C827475}.Debug|Any CPU.Build.0 = Debug|Any CPU
		{7DBB1A59-7499-48C8-9AD3-FB856C827475}.Release|Any CPU.ActiveCfg = Release|Any CPU
		{7DBB1A59-7499-48C8-9AD3-FB856C827475}.Release|Any CPU.Build.0 = Release|Any CPU
		{CEC23A73-E515-4F2E-8B69-22E27C543343}.Debug|Any CPU.ActiveCfg = Debug|Any CPU
		{CEC23A73-E515-4F2E-8B69-22E27C543343}.Debug|Any CPU.Build.0 = Debug|Any CPU
		{CEC23A73-E515-4F2E-8B69-22E27C543343}.Release|Any CPU.ActiveCfg = Release|Any CPU
		{CEC23A73-E515-4F2E-8B69-22E27C543343}.Release|Any CPU.Build.0 = Release|Any CPU
		{2278DEAC-1501-473E-9834-0721A83D9C0E}.Debug|Any CPU.ActiveCfg = Debug|Any CPU
		{2278DEAC-1501-473E-9834-0721A83D9C0E}.Debug|Any CPU.Build.0 = Debug|Any CPU
		{2278DEAC-1501-473E-9834-0721A83D9C0E}.Release|Any CPU.ActiveCfg = Release|Any CPU
		{2278DEAC-1501-473E-9834-0721A83D9C0E}.Release|Any CPU.Build.0 = Release|Any CPU
		{2C8F4078-1559-4C1E-9929-988029E5DE66}.Debug|Any CPU.ActiveCfg = Debug|Any CPU
		{2C8F4078-1559-4C1E-9929-988029E5DE66}.Debug|Any CPU.Build.0 = Debug|Any CPU
		{2C8F4078-1559-4C1E-9929-988029E5DE66}.Release|Any CPU.ActiveCfg = Release|Any CPU
		{2C8F4078-1559-4C1E-9929-988029E5DE66}.Release|Any CPU.Build.0 = Release|Any CPU
		{AA7B62E5-3AAA-4166-9AD0-AE070D01FD24}.Debug|Any CPU.ActiveCfg = Debug|Any CPU
		{AA7B62E5-3AAA-4166-9AD0-AE070D01FD24}.Debug|Any CPU.Build.0 = Debug|Any CPU
		{AA7B62E5-3AAA-4166-9AD0-AE070D01FD24}.Release|Any CPU.ActiveCfg = Release|Any CPU
		{AA7B62E5-3AAA-4166-9AD0-AE070D01FD24}.Release|Any CPU.Build.0 = Release|Any CPU
		{320DF0C3-827B-468E-A256-D31FB6EE360B}.Debug|Any CPU.ActiveCfg = Debug|Any CPU
		{320DF0C3-827B-468E-A256-D31FB6EE360B}.Debug|Any CPU.Build.0 = Debug|Any CPU
		{320DF0C3-827B-468E-A256-D31FB6EE360B}.Release|Any CPU.ActiveCfg = Release|Any CPU
		{320DF0C3-827B-468E-A256-D31FB6EE360B}.Release|Any CPU.Build.0 = Release|Any CPU
		{AFA281E8-0769-40BA-B5E5-A2FD8311021B}.Debug|Any CPU.ActiveCfg = Debug|Any CPU
		{AFA281E8-0769-40BA-B5E5-A2FD8311021B}.Debug|Any CPU.Build.0 = Debug|Any CPU
		{AFA281E8-0769-40BA-B5E5-A2FD8311021B}.Release|Any CPU.ActiveCfg = Release|Any CPU
		{AFA281E8-0769-40BA-B5E5-A2FD8311021B}.Release|Any CPU.Build.0 = Release|Any CPU
		{1ED2A53F-5AF7-4752-B62C-548EBE17E817}.Debug|Any CPU.ActiveCfg = Debug|Any CPU
		{1ED2A53F-5AF7-4752-B62C-548EBE17E817}.Debug|Any CPU.Build.0 = Debug|Any CPU
		{1ED2A53F-5AF7-4752-B62C-548EBE17E817}.Release|Any CPU.ActiveCfg = Release|Any CPU
		{1ED2A53F-5AF7-4752-B62C-548EBE17E817}.Release|Any CPU.Build.0 = Release|Any CPU
		{45964A36-F9C9-4564-8579-08EEDEFEC80D}.Debug|Any CPU.ActiveCfg = Debug|Any CPU
		{45964A36-F9C9-4564-8579-08EEDEFEC80D}.Debug|Any CPU.Build.0 = Debug|Any CPU
		{45964A36-F9C9-4564-8579-08EEDEFEC80D}.Release|Any CPU.ActiveCfg = Release|Any CPU
		{45964A36-F9C9-4564-8579-08EEDEFEC80D}.Release|Any CPU.Build.0 = Release|Any CPU
		{A1F5369C-8C29-4F89-B1E3-2BA2C25E32B7}.Debug|Any CPU.ActiveCfg = Debug|Any CPU
		{A1F5369C-8C29-4F89-B1E3-2BA2C25E32B7}.Debug|Any CPU.Build.0 = Debug|Any CPU
		{A1F5369C-8C29-4F89-B1E3-2BA2C25E32B7}.Release|Any CPU.ActiveCfg = Release|Any CPU
		{A1F5369C-8C29-4F89-B1E3-2BA2C25E32B7}.Release|Any CPU.Build.0 = Release|Any CPU
		{D9C0102F-78AD-437F-BC43-FDEC23A9CEBA}.Debug|Any CPU.ActiveCfg = Debug|Any CPU
		{D9C0102F-78AD-437F-BC43-FDEC23A9CEBA}.Debug|Any CPU.Build.0 = Debug|Any CPU
		{D9C0102F-78AD-437F-BC43-FDEC23A9CEBA}.Release|Any CPU.ActiveCfg = Release|Any CPU
		{D9C0102F-78AD-437F-BC43-FDEC23A9CEBA}.Release|Any CPU.Build.0 = Release|Any CPU
		{27E47AC4-9A12-4520-B309-EB5B71927002}.Debug|Any CPU.ActiveCfg = Debug|Any CPU
		{27E47AC4-9A12-4520-B309-EB5B71927002}.Debug|Any CPU.Build.0 = Debug|Any CPU
		{27E47AC4-9A12-4520-B309-EB5B71927002}.Release|Any CPU.ActiveCfg = Release|Any CPU
		{27E47AC4-9A12-4520-B309-EB5B71927002}.Release|Any CPU.Build.0 = Release|Any CPU
		{B6ECF236-D1E0-4971-BF5F-FB91AF4D06CE}.Debug|Any CPU.ActiveCfg = Debug|Any CPU
		{B6ECF236-D1E0-4971-BF5F-FB91AF4D06CE}.Debug|Any CPU.Build.0 = Debug|Any CPU
		{B6ECF236-D1E0-4971-BF5F-FB91AF4D06CE}.Release|Any CPU.ActiveCfg = Release|Any CPU
		{B6ECF236-D1E0-4971-BF5F-FB91AF4D06CE}.Release|Any CPU.Build.0 = Release|Any CPU
		{CE5715F5-A741-4E8B-B4A8-6C99E18ACBA2}.Debug|Any CPU.ActiveCfg = Debug|Any CPU
		{CE5715F5-A741-4E8B-B4A8-6C99E18ACBA2}.Debug|Any CPU.Build.0 = Debug|Any CPU
		{CE5715F5-A741-4E8B-B4A8-6C99E18ACBA2}.Release|Any CPU.ActiveCfg = Release|Any CPU
		{CE5715F5-A741-4E8B-B4A8-6C99E18ACBA2}.Release|Any CPU.Build.0 = Release|Any CPU
		{DF32590C-05E3-43C9-A8B5-104EFB88CC0D}.Debug|Any CPU.ActiveCfg = Debug|Any CPU
		{DF32590C-05E3-43C9-A8B5-104EFB88CC0D}.Debug|Any CPU.Build.0 = Debug|Any CPU
		{DF32590C-05E3-43C9-A8B5-104EFB88CC0D}.Release|Any CPU.ActiveCfg = Release|Any CPU
		{DF32590C-05E3-43C9-A8B5-104EFB88CC0D}.Release|Any CPU.Build.0 = Release|Any CPU
		{1ACE1678-132D-4585-913C-940C7FD2AF8E}.Debug|Any CPU.ActiveCfg = Debug|Any CPU
		{1ACE1678-132D-4585-913C-940C7FD2AF8E}.Debug|Any CPU.Build.0 = Debug|Any CPU
		{1ACE1678-132D-4585-913C-940C7FD2AF8E}.Release|Any CPU.ActiveCfg = Release|Any CPU
		{1ACE1678-132D-4585-913C-940C7FD2AF8E}.Release|Any CPU.Build.0 = Release|Any CPU
		{711142B8-23C2-4322-9EAE-98A19C7B3EBA}.Debug|Any CPU.ActiveCfg = Debug|Any CPU
		{711142B8-23C2-4322-9EAE-98A19C7B3EBA}.Debug|Any CPU.Build.0 = Debug|Any CPU
		{711142B8-23C2-4322-9EAE-98A19C7B3EBA}.Release|Any CPU.ActiveCfg = Release|Any CPU
		{711142B8-23C2-4322-9EAE-98A19C7B3EBA}.Release|Any CPU.Build.0 = Release|Any CPU
		{AA720A32-ADBB-4C7C-B7EC-BEC28DCA9DBE}.Debug|Any CPU.ActiveCfg = Debug|Any CPU
		{AA720A32-ADBB-4C7C-B7EC-BEC28DCA9DBE}.Debug|Any CPU.Build.0 = Debug|Any CPU
		{AA720A32-ADBB-4C7C-B7EC-BEC28DCA9DBE}.Release|Any CPU.ActiveCfg = Release|Any CPU
		{AA720A32-ADBB-4C7C-B7EC-BEC28DCA9DBE}.Release|Any CPU.Build.0 = Release|Any CPU
		{59986222-1C1C-4F51-825B-FAFF288799B5}.Debug|Any CPU.ActiveCfg = Debug|Any CPU
		{59986222-1C1C-4F51-825B-FAFF288799B5}.Debug|Any CPU.Build.0 = Debug|Any CPU
		{59986222-1C1C-4F51-825B-FAFF288799B5}.Release|Any CPU.ActiveCfg = Release|Any CPU
		{59986222-1C1C-4F51-825B-FAFF288799B5}.Release|Any CPU.Build.0 = Release|Any CPU
		{3153FA03-97A7-4F24-A690-7A7D00C61BCA}.Debug|Any CPU.ActiveCfg = Debug|Any CPU
		{3153FA03-97A7-4F24-A690-7A7D00C61BCA}.Debug|Any CPU.Build.0 = Debug|Any CPU
		{3153FA03-97A7-4F24-A690-7A7D00C61BCA}.Release|Any CPU.ActiveCfg = Release|Any CPU
		{3153FA03-97A7-4F24-A690-7A7D00C61BCA}.Release|Any CPU.Build.0 = Release|Any CPU
		{0E5FDF30-0A31-4458-8B5F-E969C2F4B924}.Debug|Any CPU.ActiveCfg = Debug|Any CPU
		{0E5FDF30-0A31-4458-8B5F-E969C2F4B924}.Debug|Any CPU.Build.0 = Debug|Any CPU
		{0E5FDF30-0A31-4458-8B5F-E969C2F4B924}.Release|Any CPU.ActiveCfg = Release|Any CPU
		{0E5FDF30-0A31-4458-8B5F-E969C2F4B924}.Release|Any CPU.Build.0 = Release|Any CPU
		{ACC60224-22F9-424E-B4EC-05B9B1E9A405}.Debug|Any CPU.ActiveCfg = Debug|Any CPU
		{ACC60224-22F9-424E-B4EC-05B9B1E9A405}.Debug|Any CPU.Build.0 = Debug|Any CPU
		{ACC60224-22F9-424E-B4EC-05B9B1E9A405}.Release|Any CPU.ActiveCfg = Release|Any CPU
		{ACC60224-22F9-424E-B4EC-05B9B1E9A405}.Release|Any CPU.Build.0 = Release|Any CPU
		{A372D4AE-4C97-4753-990F-5D4B239A3037}.Debug|Any CPU.ActiveCfg = Debug|Any CPU
		{A372D4AE-4C97-4753-990F-5D4B239A3037}.Debug|Any CPU.Build.0 = Debug|Any CPU
		{A372D4AE-4C97-4753-990F-5D4B239A3037}.Release|Any CPU.ActiveCfg = Release|Any CPU
		{A372D4AE-4C97-4753-990F-5D4B239A3037}.Release|Any CPU.Build.0 = Release|Any CPU
		{2D5F0645-1946-42D7-B4A7-A5150D26B821}.Debug|Any CPU.ActiveCfg = Debug|Any CPU
		{2D5F0645-1946-42D7-B4A7-A5150D26B821}.Debug|Any CPU.Build.0 = Debug|Any CPU
		{2D5F0645-1946-42D7-B4A7-A5150D26B821}.Release|Any CPU.ActiveCfg = Release|Any CPU
		{2D5F0645-1946-42D7-B4A7-A5150D26B821}.Release|Any CPU.Build.0 = Release|Any CPU
	EndGlobalSection
	GlobalSection(SolutionProperties) = preSolution
		HideSolutionNode = FALSE
	EndGlobalSection
	GlobalSection(ExtensibilityGlobals) = postSolution
		SolutionGuid = {BF6FA5D9-6A7F-4494-8849-74352A6029D8}
	EndGlobalSection
EndGlobal
